// !$*UTF8*$!
{
	archiveVersion = 1;
	classes = {
	};
	objectVersion = 56;
	objects = {

/* Begin PBXBuildFile section */
		109428762A62828E00FC0CC0 /* Uber_cloneApp.swift in Sources */ = {isa = PBXBuildFile; fileRef = 109428752A62828E00FC0CC0 /* Uber_cloneApp.swift */; };
		1094287A2A62828F00FC0CC0 /* Assets.xcassets in Resources */ = {isa = PBXBuildFile; fileRef = 109428792A62828F00FC0CC0 /* Assets.xcassets */; };
		1094287D2A62828F00FC0CC0 /* Preview Assets.xcassets in Resources */ = {isa = PBXBuildFile; fileRef = 1094287C2A62828F00FC0CC0 /* Preview Assets.xcassets */; };
		1094288F2A62DE9A00FC0CC0 /* LocationSearchActivationView.swift in Sources */ = {isa = PBXBuildFile; fileRef = 1094288E2A62DE9A00FC0CC0 /* LocationSearchActivationView.swift */; };
		109428932A62E2EE00FC0CC0 /* MapViewRepresentable.swift in Sources */ = {isa = PBXBuildFile; fileRef = 109428922A62E2EE00FC0CC0 /* MapViewRepresentable.swift */; };
		109428952A62E40200FC0CC0 /* HomeView.swift in Sources */ = {isa = PBXBuildFile; fileRef = 109428942A62E40200FC0CC0 /* HomeView.swift */; };
		109428972A62E53F00FC0CC0 /* LocationManager.swift in Sources */ = {isa = PBXBuildFile; fileRef = 109428962A62E53F00FC0CC0 /* LocationManager.swift */; };
		109428992A62F42100FC0CC0 /* MapViewActionButton.swift in Sources */ = {isa = PBXBuildFile; fileRef = 109428982A62F42100FC0CC0 /* MapViewActionButton.swift */; };
		1094289B2A62F5A000FC0CC0 /* LocationSearchView.swift in Sources */ = {isa = PBXBuildFile; fileRef = 1094289A2A62F5A000FC0CC0 /* LocationSearchView.swift */; };
		1094289D2A630A4C00FC0CC0 /* LocationSearchViewModel.swift in Sources */ = {isa = PBXBuildFile; fileRef = 1094289C2A630A4C00FC0CC0 /* LocationSearchViewModel.swift */; };
		1094289F2A639FFF00FC0CC0 /* MapViewState.swift in Sources */ = {isa = PBXBuildFile; fileRef = 1094289E2A639FFF00FC0CC0 /* MapViewState.swift */; };
		10FE61FB2A63B38300D7E7ED /* RideRequestUIView.swift in Sources */ = {isa = PBXBuildFile; fileRef = 10FE61FA2A63B38300D7E7ED /* RideRequestUIView.swift */; };
		10FE61FD2A63B6CF00D7E7ED /* Extension+view.swift in Sources */ = {isa = PBXBuildFile; fileRef = 10FE61FC2A63B6CF00D7E7ED /* Extension+view.swift */; };
/* End PBXBuildFile section */

/* Begin PBXFileReference section */
		109428722A62828E00FC0CC0 /* Uber_clone.app */ = {isa = PBXFileReference; explicitFileType = wrapper.application; includeInIndex = 0; path = Uber_clone.app; sourceTree = BUILT_PRODUCTS_DIR; };
		109428752A62828E00FC0CC0 /* Uber_cloneApp.swift */ = {isa = PBXFileReference; lastKnownFileType = sourcecode.swift; path = Uber_cloneApp.swift; sourceTree = "<group>"; };
		109428792A62828F00FC0CC0 /* Assets.xcassets */ = {isa = PBXFileReference; lastKnownFileType = folder.assetcatalog; path = Assets.xcassets; sourceTree = "<group>"; };
		1094287C2A62828F00FC0CC0 /* Preview Assets.xcassets */ = {isa = PBXFileReference; lastKnownFileType = folder.assetcatalog; path = "Preview Assets.xcassets"; sourceTree = "<group>"; };
		1094288E2A62DE9A00FC0CC0 /* LocationSearchActivationView.swift */ = {isa = PBXFileReference; lastKnownFileType = sourcecode.swift; path = LocationSearchActivationView.swift; sourceTree = "<group>"; };
		109428922A62E2EE00FC0CC0 /* MapViewRepresentable.swift */ = {isa = PBXFileReference; lastKnownFileType = sourcecode.swift; path = MapViewRepresentable.swift; sourceTree = "<group>"; };
		109428942A62E40200FC0CC0 /* HomeView.swift */ = {isa = PBXFileReference; lastKnownFileType = sourcecode.swift; path = HomeView.swift; sourceTree = "<group>"; };
		109428962A62E53F00FC0CC0 /* LocationManager.swift */ = {isa = PBXFileReference; lastKnownFileType = sourcecode.swift; path = LocationManager.swift; sourceTree = "<group>"; };
		109428982A62F42100FC0CC0 /* MapViewActionButton.swift */ = {isa = PBXFileReference; lastKnownFileType = sourcecode.swift; path = MapViewActionButton.swift; sourceTree = "<group>"; };
		1094289A2A62F5A000FC0CC0 /* LocationSearchView.swift */ = {isa = PBXFileReference; lastKnownFileType = sourcecode.swift; path = LocationSearchView.swift; sourceTree = "<group>"; };
		1094289C2A630A4C00FC0CC0 /* LocationSearchViewModel.swift */ = {isa = PBXFileReference; lastKnownFileType = sourcecode.swift; path = LocationSearchViewModel.swift; sourceTree = "<group>"; };
		1094289E2A639FFF00FC0CC0 /* MapViewState.swift */ = {isa = PBXFileReference; lastKnownFileType = sourcecode.swift; path = MapViewState.swift; sourceTree = "<group>"; };
		10FE61FA2A63B38300D7E7ED /* RideRequestUIView.swift */ = {isa = PBXFileReference; lastKnownFileType = sourcecode.swift; path = RideRequestUIView.swift; sourceTree = "<group>"; };
		10FE61FC2A63B6CF00D7E7ED /* Extension+view.swift */ = {isa = PBXFileReference; lastKnownFileType = sourcecode.swift; path = "Extension+view.swift"; sourceTree = "<group>"; };
/* End PBXFileReference section */

/* Begin PBXFrameworksBuildPhase section */
		1094286F2A62828E00FC0CC0 /* Frameworks */ = {
			isa = PBXFrameworksBuildPhase;
			buildActionMask = 2147483647;
			files = (
			);
			runOnlyForDeploymentPostprocessing = 0;
		};
/* End PBXFrameworksBuildPhase section */

/* Begin PBXGroup section */
		109428692A62828E00FC0CC0 = {
			isa = PBXGroup;
			children = (
				109428742A62828E00FC0CC0 /* Uber_clone */,
				109428732A62828E00FC0CC0 /* Products */,
			);
			sourceTree = "<group>";
		};
		109428732A62828E00FC0CC0 /* Products */ = {
			isa = PBXGroup;
			children = (
				109428722A62828E00FC0CC0 /* Uber_clone.app */,
			);
			name = Products;
			sourceTree = "<group>";
		};
		109428742A62828E00FC0CC0 /* Uber_clone */ = {
			isa = PBXGroup;
			children = (
				109428832A62DD9F00FC0CC0 /* App */,
				109428842A62DDA600FC0CC0 /* Core */,
				109428872A62DDCA00FC0CC0 /* Models */,
				109428862A62DDBB00FC0CC0 /* Managers */,
				109428852A62DDAC00FC0CC0 /* Extensions */,
				109428792A62828F00FC0CC0 /* Assets.xcassets */,
				1094287B2A62828F00FC0CC0 /* Preview Content */,
			);
			path = Uber_clone;
			sourceTree = "<group>";
		};
		1094287B2A62828F00FC0CC0 /* Preview Content */ = {
			isa = PBXGroup;
			children = (
				1094287C2A62828F00FC0CC0 /* Preview Assets.xcassets */,
			);
			path = "Preview Content";
			sourceTree = "<group>";
		};
		109428832A62DD9F00FC0CC0 /* App */ = {
			isa = PBXGroup;
			children = (
				109428752A62828E00FC0CC0 /* Uber_cloneApp.swift */,
			);
			path = App;
			sourceTree = "<group>";
		};
		109428842A62DDA600FC0CC0 /* Core */ = {
			isa = PBXGroup;
			children = (
				10FE61FE2A63DCF000D7E7ED /* Trip */,
				1094288B2A62DE5B00FC0CC0 /* LocationSearch */,
				1094288A2A62DE3F00FC0CC0 /* Home */,
			);
			path = Core;
			sourceTree = "<group>";
		};
		109428852A62DDAC00FC0CC0 /* Extensions */ = {
			isa = PBXGroup;
			children = (
				10FE61FC2A63B6CF00D7E7ED /* Extension+view.swift */,
			);
			path = Extensions;
			sourceTree = "<group>";
		};
		109428862A62DDBB00FC0CC0 /* Managers */ = {
			isa = PBXGroup;
			children = (
				109428962A62E53F00FC0CC0 /* LocationManager.swift */,
			);
			path = Managers;
			sourceTree = "<group>";
		};
		109428872A62DDCA00FC0CC0 /* Models */ = {
			isa = PBXGroup;
			children = (
				1094289E2A639FFF00FC0CC0 /* MapViewState.swift */,
			);
			path = Models;
			sourceTree = "<group>";
		};
		109428882A62DDE000FC0CC0 /* Views */ = {
			isa = PBXGroup;
			children = (
				109428922A62E2EE00FC0CC0 /* MapViewRepresentable.swift */,
				109428942A62E40200FC0CC0 /* HomeView.swift */,
				109428982A62F42100FC0CC0 /* MapViewActionButton.swift */,
			);
			path = Views;
			sourceTree = "<group>";
		};
		109428892A62DDEC00FC0CC0 /* ViewModel */ = {
			isa = PBXGroup;
			children = (
			);
			path = ViewModel;
			sourceTree = "<group>";
		};
		1094288A2A62DE3F00FC0CC0 /* Home */ = {
			isa = PBXGroup;
			children = (
				109428882A62DDE000FC0CC0 /* Views */,
				109428892A62DDEC00FC0CC0 /* ViewModel */,
			);
			path = Home;
			sourceTree = "<group>";
		};
		1094288B2A62DE5B00FC0CC0 /* LocationSearch */ = {
			isa = PBXGroup;
			children = (
				1094288C2A62DE6200FC0CC0 /* Views */,
				1094288D2A62DE6800FC0CC0 /* ViewModel */,
			);
			path = LocationSearch;
			sourceTree = "<group>";
		};
		1094288C2A62DE6200FC0CC0 /* Views */ = {
			isa = PBXGroup;
			children = (
				1094288E2A62DE9A00FC0CC0 /* LocationSearchActivationView.swift */,
				1094289A2A62F5A000FC0CC0 /* LocationSearchView.swift */,
			);
			path = Views;
			sourceTree = "<group>";
		};
		1094288D2A62DE6800FC0CC0 /* ViewModel */ = {
			isa = PBXGroup;
			children = (
				1094289C2A630A4C00FC0CC0 /* LocationSearchViewModel.swift */,
			);
			path = ViewModel;
			sourceTree = "<group>";
		};
		10FE61FE2A63DCF000D7E7ED /* Trip */ = {
			isa = PBXGroup;
			children = (
				10FE61FF2A63E73000D7E7ED /* View */,
				10FE62002A63E73E00D7E7ED /* ViewModel */,
			);
			path = Trip;
			sourceTree = "<group>";
		};
		10FE61FF2A63E73000D7E7ED /* View */ = {
			isa = PBXGroup;
			children = (
				10FE61FA2A63B38300D7E7ED /* RideRequestUIView.swift */,
			);
			path = View;
			sourceTree = "<group>";
		};
		10FE62002A63E73E00D7E7ED /* ViewModel */ = {
			isa = PBXGroup;
			children = (
			);
			path = ViewModel;
			sourceTree = "<group>";
		};
/* End PBXGroup section */

/* Begin PBXNativeTarget section */
		109428712A62828E00FC0CC0 /* Uber_clone */ = {
			isa = PBXNativeTarget;
			buildConfigurationList = 109428802A62828F00FC0CC0 /* Build configuration list for PBXNativeTarget "Uber_clone" */;
			buildPhases = (
				1094286E2A62828E00FC0CC0 /* Sources */,
				1094286F2A62828E00FC0CC0 /* Frameworks */,
				109428702A62828E00FC0CC0 /* Resources */,
			);
			buildRules = (
			);
			dependencies = (
			);
			name = Uber_clone;
			productName = Uber_clone;
			productReference = 109428722A62828E00FC0CC0 /* Uber_clone.app */;
			productType = "com.apple.product-type.application";
		};
/* End PBXNativeTarget section */

/* Begin PBXProject section */
		1094286A2A62828E00FC0CC0 /* Project object */ = {
			isa = PBXProject;
			attributes = {
				BuildIndependentTargetsInParallel = 1;
				LastSwiftUpdateCheck = 1500;
				LastUpgradeCheck = 1500;
				TargetAttributes = {
					109428712A62828E00FC0CC0 = {
						CreatedOnToolsVersion = 15.0;
					};
				};
			};
			buildConfigurationList = 1094286D2A62828E00FC0CC0 /* Build configuration list for PBXProject "Uber_clone" */;
			compatibilityVersion = "Xcode 14.0";
			developmentRegion = en;
			hasScannedForEncodings = 0;
			knownRegions = (
				en,
				Base,
			);
			mainGroup = 109428692A62828E00FC0CC0;
			productRefGroup = 109428732A62828E00FC0CC0 /* Products */;
			projectDirPath = "";
			projectRoot = "";
			targets = (
				109428712A62828E00FC0CC0 /* Uber_clone */,
			);
		};
/* End PBXProject section */

/* Begin PBXResourcesBuildPhase section */
		109428702A62828E00FC0CC0 /* Resources */ = {
			isa = PBXResourcesBuildPhase;
			buildActionMask = 2147483647;
			files = (
				1094287D2A62828F00FC0CC0 /* Preview Assets.xcassets in Resources */,
				1094287A2A62828F00FC0CC0 /* Assets.xcassets in Resources */,
			);
			runOnlyForDeploymentPostprocessing = 0;
		};
/* End PBXResourcesBuildPhase section */

/* Begin PBXSourcesBuildPhase section */
		1094286E2A62828E00FC0CC0 /* Sources */ = {
			isa = PBXSourcesBuildPhase;
			buildActionMask = 2147483647;
			files = (
				1094289F2A639FFF00FC0CC0 /* MapViewState.swift in Sources */,
				1094289B2A62F5A000FC0CC0 /* LocationSearchView.swift in Sources */,
				109428762A62828E00FC0CC0 /* Uber_cloneApp.swift in Sources */,
				109428992A62F42100FC0CC0 /* MapViewActionButton.swift in Sources */,
				10FE61FD2A63B6CF00D7E7ED /* Extension+view.swift in Sources */,
				1094289D2A630A4C00FC0CC0 /* LocationSearchViewModel.swift in Sources */,
				109428952A62E40200FC0CC0 /* HomeView.swift in Sources */,
				10FE61FB2A63B38300D7E7ED /* RideRequestUIView.swift in Sources */,
				109428972A62E53F00FC0CC0 /* LocationManager.swift in Sources */,
				109428932A62E2EE00FC0CC0 /* MapViewRepresentable.swift in Sources */,
				1094288F2A62DE9A00FC0CC0 /* LocationSearchActivationView.swift in Sources */,
			);
			runOnlyForDeploymentPostprocessing = 0;
		};
/* End PBXSourcesBuildPhase section */

/* Begin XCBuildConfiguration section */
		1094287E2A62828F00FC0CC0 /* Debug */ = {
			isa = XCBuildConfiguration;
			buildSettings = {
				ALWAYS_SEARCH_USER_PATHS = NO;
				ASSETCATALOG_COMPILER_GENERATE_SWIFT_ASSET_SYMBOL_EXTENSIONS = YES;
				CLANG_ANALYZER_NONNULL = YES;
				CLANG_ANALYZER_NUMBER_OBJECT_CONVERSION = YES_AGGRESSIVE;
				CLANG_CXX_LANGUAGE_STANDARD = "gnu++20";
				CLANG_ENABLE_MODULES = YES;
				CLANG_ENABLE_OBJC_ARC = YES;
				CLANG_ENABLE_OBJC_WEAK = YES;
				CLANG_WARN_BLOCK_CAPTURE_AUTORELEASING = YES;
				CLANG_WARN_BOOL_CONVERSION = YES;
				CLANG_WARN_COMMA = YES;
				CLANG_WARN_CONSTANT_CONVERSION = YES;
				CLANG_WARN_DEPRECATED_OBJC_IMPLEMENTATIONS = YES;
				CLANG_WARN_DIRECT_OBJC_ISA_USAGE = YES_ERROR;
				CLANG_WARN_DOCUMENTATION_COMMENTS = YES;
				CLANG_WARN_EMPTY_BODY = YES;
				CLANG_WARN_ENUM_CONVERSION = YES;
				CLANG_WARN_INFINITE_RECURSION = YES;
				CLANG_WARN_INT_CONVERSION = YES;
				CLANG_WARN_NON_LITERAL_NULL_CONVERSION = YES;
				CLANG_WARN_OBJC_IMPLICIT_RETAIN_SELF = YES;
				CLANG_WARN_OBJC_LITERAL_CONVERSION = YES;
				CLANG_WARN_OBJC_ROOT_CLASS = YES_ERROR;
				CLANG_WARN_QUOTED_INCLUDE_IN_FRAMEWORK_HEADER = YES;
				CLANG_WARN_RANGE_LOOP_ANALYSIS = YES;
				CLANG_WARN_STRICT_PROTOTYPES = YES;
				CLANG_WARN_SUSPICIOUS_MOVE = YES;
				CLANG_WARN_UNGUARDED_AVAILABILITY = YES_AGGRESSIVE;
				CLANG_WARN_UNREACHABLE_CODE = YES;
				CLANG_WARN__DUPLICATE_METHOD_MATCH = YES;
				COPY_PHASE_STRIP = NO;
				DEBUG_INFORMATION_FORMAT = dwarf;
				ENABLE_STRICT_OBJC_MSGSEND = YES;
				ENABLE_TESTABILITY = YES;
				ENABLE_USER_SCRIPT_SANDBOXING = YES;
				GCC_C_LANGUAGE_STANDARD = gnu17;
				GCC_DYNAMIC_NO_PIC = NO;
				GCC_NO_COMMON_BLOCKS = YES;
				GCC_OPTIMIZATION_LEVEL = 0;
				GCC_PREPROCESSOR_DEFINITIONS = (
					"DEBUG=1",
					"$(inherited)",
				);
				GCC_WARN_64_TO_32_BIT_CONVERSION = YES;
				GCC_WARN_ABOUT_RETURN_TYPE = YES_ERROR;
				GCC_WARN_UNDECLARED_SELECTOR = YES;
				GCC_WARN_UNINITIALIZED_AUTOS = YES_AGGRESSIVE;
				GCC_WARN_UNUSED_FUNCTION = YES;
				GCC_WARN_UNUSED_VARIABLE = YES;
				IPHONEOS_DEPLOYMENT_TARGET = 16.0;
				LOCALIZATION_PREFERS_STRING_CATALOGS = YES;
				MTL_ENABLE_DEBUG_INFO = INCLUDE_SOURCE;
				MTL_FAST_MATH = YES;
				ONLY_ACTIVE_ARCH = YES;
				SDKROOT = iphoneos;
				SWIFT_ACTIVE_COMPILATION_CONDITIONS = "DEBUG $(inherited)";
				SWIFT_OPTIMIZATION_LEVEL = "-Onone";
			};
			name = Debug;
		};
		1094287F2A62828F00FC0CC0 /* Release */ = {
			isa = XCBuildConfiguration;
			buildSettings = {
				ALWAYS_SEARCH_USER_PATHS = NO;
				ASSETCATALOG_COMPILER_GENERATE_SWIFT_ASSET_SYMBOL_EXTENSIONS = YES;
				CLANG_ANALYZER_NONNULL = YES;
				CLANG_ANALYZER_NUMBER_OBJECT_CONVERSION = YES_AGGRESSIVE;
				CLANG_CXX_LANGUAGE_STANDARD = "gnu++20";
				CLANG_ENABLE_MODULES = YES;
				CLANG_ENABLE_OBJC_ARC = YES;
				CLANG_ENABLE_OBJC_WEAK = YES;
				CLANG_WARN_BLOCK_CAPTURE_AUTORELEASING = YES;
				CLANG_WARN_BOOL_CONVERSION = YES;
				CLANG_WARN_COMMA = YES;
				CLANG_WARN_CONSTANT_CONVERSION = YES;
				CLANG_WARN_DEPRECATED_OBJC_IMPLEMENTATIONS = YES;
				CLANG_WARN_DIRECT_OBJC_ISA_USAGE = YES_ERROR;
				CLANG_WARN_DOCUMENTATION_COMMENTS = YES;
				CLANG_WARN_EMPTY_BODY = YES;
				CLANG_WARN_ENUM_CONVERSION = YES;
				CLANG_WARN_INFINITE_RECURSION = YES;
				CLANG_WARN_INT_CONVERSION = YES;
				CLANG_WARN_NON_LITERAL_NULL_CONVERSION = YES;
				CLANG_WARN_OBJC_IMPLICIT_RETAIN_SELF = YES;
				CLANG_WARN_OBJC_LITERAL_CONVERSION = YES;
				CLANG_WARN_OBJC_ROOT_CLASS = YES_ERROR;
				CLANG_WARN_QUOTED_INCLUDE_IN_FRAMEWORK_HEADER = YES;
				CLANG_WARN_RANGE_LOOP_ANALYSIS = YES;
				CLANG_WARN_STRICT_PROTOTYPES = YES;
				CLANG_WARN_SUSPICIOUS_MOVE = YES;
				CLANG_WARN_UNGUARDED_AVAILABILITY = YES_AGGRESSIVE;
				CLANG_WARN_UNREACHABLE_CODE = YES;
				CLANG_WARN__DUPLICATE_METHOD_MATCH = YES;
				COPY_PHASE_STRIP = NO;
				DEBUG_INFORMATION_FORMAT = "dwarf-with-dsym";
				ENABLE_NS_ASSERTIONS = NO;
				ENABLE_STRICT_OBJC_MSGSEND = YES;
				ENABLE_USER_SCRIPT_SANDBOXING = YES;
				GCC_C_LANGUAGE_STANDARD = gnu17;
				GCC_NO_COMMON_BLOCKS = YES;
				GCC_WARN_64_TO_32_BIT_CONVERSION = YES;
				GCC_WARN_ABOUT_RETURN_TYPE = YES_ERROR;
				GCC_WARN_UNDECLARED_SELECTOR = YES;
				GCC_WARN_UNINITIALIZED_AUTOS = YES_AGGRESSIVE;
				GCC_WARN_UNUSED_FUNCTION = YES;
				GCC_WARN_UNUSED_VARIABLE = YES;
				IPHONEOS_DEPLOYMENT_TARGET = 16.0;
				LOCALIZATION_PREFERS_STRING_CATALOGS = YES;
				MTL_ENABLE_DEBUG_INFO = NO;
				MTL_FAST_MATH = YES;
				SDKROOT = iphoneos;
				SWIFT_COMPILATION_MODE = wholemodule;
				VALIDATE_PRODUCT = YES;
			};
			name = Release;
		};
		109428812A62828F00FC0CC0 /* Debug */ = {
			isa = XCBuildConfiguration;
			buildSettings = {
				ASSETCATALOG_COMPILER_APPICON_NAME = AppIcon;
				ASSETCATALOG_COMPILER_GLOBAL_ACCENT_COLOR_NAME = AccentColor;
				CODE_SIGN_STYLE = Automatic;
				CURRENT_PROJECT_VERSION = 1;
				DEVELOPMENT_ASSET_PATHS = "\"Uber_clone/Preview Content\"";
				DEVELOPMENT_TEAM = 5HQ3ZZS739;
				ENABLE_PREVIEWS = YES;
				GENERATE_INFOPLIST_FILE = YES;
				INFOPLIST_KEY_NSLocationAlwaysAndWhenInUseUsageDescription = req;
				INFOPLIST_KEY_NSLocationWhenInUseUsageDescription = req;
				INFOPLIST_KEY_UIApplicationSceneManifest_Generation = YES;
				INFOPLIST_KEY_UIApplicationSupportsIndirectInputEvents = YES;
				INFOPLIST_KEY_UILaunchScreen_Generation = YES;
				INFOPLIST_KEY_UISupportedInterfaceOrientations_iPad = "UIInterfaceOrientationPortrait UIInterfaceOrientationPortraitUpsideDown UIInterfaceOrientationLandscapeLeft UIInterfaceOrientationLandscapeRight";
				INFOPLIST_KEY_UISupportedInterfaceOrientations_iPhone = "UIInterfaceOrientationPortrait UIInterfaceOrientationLandscapeLeft UIInterfaceOrientationLandscapeRight";
				IPHONEOS_DEPLOYMENT_TARGET = 16.0;
				LD_RUNPATH_SEARCH_PATHS = (
					"$(inherited)",
					"@executable_path/Frameworks",
				);
				MARKETING_VERSION = 1.0;
				PRODUCT_BUNDLE_IDENTIFIER = "com.nayan.Uber-clone";
				PRODUCT_NAME = "$(TARGET_NAME)";
				SWIFT_EMIT_LOC_STRINGS = YES;
				SWIFT_VERSION = 5.0;
				TARGETED_DEVICE_FAMILY = "1,2";
			};
			name = Debug;
		};
		109428822A62828F00FC0CC0 /* Release */ = {
			isa = XCBuildConfiguration;
			buildSettings = {
				ASSETCATALOG_COMPILER_APPICON_NAME = AppIcon;
				ASSETCATALOG_COMPILER_GLOBAL_ACCENT_COLOR_NAME = AccentColor;
				CODE_SIGN_STYLE = Automatic;
				CURRENT_PROJECT_VERSION = 1;
				DEVELOPMENT_ASSET_PATHS = "\"Uber_clone/Preview Content\"";
				DEVELOPMENT_TEAM = 5HQ3ZZS739;
				ENABLE_PREVIEWS = YES;
				GENERATE_INFOPLIST_FILE = YES;
				INFOPLIST_KEY_NSLocationAlwaysAndWhenInUseUsageDescription = req;
				INFOPLIST_KEY_NSLocationWhenInUseUsageDescription = req;
				INFOPLIST_KEY_UIApplicationSceneManifest_Generation = YES;
				INFOPLIST_KEY_UIApplicationSupportsIndirectInputEvents = YES;
				INFOPLIST_KEY_UILaunchScreen_Generation = YES;
				INFOPLIST_KEY_UISupportedInterfaceOrientations_iPad = "UIInterfaceOrientationPortrait UIInterfaceOrientationPortraitUpsideDown UIInterfaceOrientationLandscapeLeft UIInterfaceOrientationLandscapeRight";
				INFOPLIST_KEY_UISupportedInterfaceOrientations_iPhone = "UIInterfaceOrientationPortrait UIInterfaceOrientationLandscapeLeft UIInterfaceOrientationLandscapeRight";
				IPHONEOS_DEPLOYMENT_TARGET = 16.0;
				LD_RUNPATH_SEARCH_PATHS = (
					"$(inherited)",
					"@executable_path/Frameworks",
				);
				MARKETING_VERSION = 1.0;
				PRODUCT_BUNDLE_IDENTIFIER = "com.nayan.Uber-clone";
				PRODUCT_NAME = "$(TARGET_NAME)";
				SWIFT_EMIT_LOC_STRINGS = YES;
				SWIFT_VERSION = 5.0;
				TARGETED_DEVICE_FAMILY = "1,2";
			};
			name = Release;
		};
/* End XCBuildConfiguration section */

/* Begin XCConfigurationList section */
		1094286D2A62828E00FC0CC0 /* Build configuration list for PBXProject "Uber_clone" */ = {
			isa = XCConfigurationList;
			buildConfigurations = (
				1094287E2A62828F00FC0CC0 /* Debug */,
				1094287F2A62828F00FC0CC0 /* Release */,
			);
			defaultConfigurationIsVisible = 0;
			defaultConfigurationName = Release;
		};
		109428802A62828F00FC0CC0 /* Build configuration list for PBXNativeTarget "Uber_clone" */ = {
			isa = XCConfigurationList;
			buildConfigurations = (
				109428812A62828F00FC0CC0 /* Debug */,
				109428822A62828F00FC0CC0 /* Release */,
			);
			defaultConfigurationIsVisible = 0;
			defaultConfigurationName = Release;
		};
/* End XCConfigurationList section */
	};
	rootObject = 1094286A2A62828E00FC0CC0 /* Project object */;
}
